
Microsoft Visual Studio Solution File, Format Version 12.00
# Visual Studio Version 16
VisualStudioVersion = 16.0.29009.5
MinimumVisualStudioVersion = 10.0.40219.1
Project("{2150E333-8FDC-42A3-9474-1A3956D46DE8}") = "Web", "Web", "{E389DEB6-5F90-444B-A054-12A10D39C76F}"
EndProject
Project("{2150E333-8FDC-42A3-9474-1A3956D46DE8}") = "Data", "Data", "{ACBE44C4-E198-45E2-BA02-6655250A0006}"
EndProject
Project("{2150E333-8FDC-42A3-9474-1A3956D46DE8}") = "Services", "Services", "{516E002B-9E6E-4456-B7F6-EAA353966DE6}"
EndProject
Project("{2150E333-8FDC-42A3-9474-1A3956D46DE8}") = "Tests", "Tests", "{7A731632-6714-44E2-A9E4-069EBA9E666C}"
EndProject
Project("{9A19103F-16F7-4668-BE54-9A1E7A4F7556}") = "Sandbox", "Tests\Sandbox\Sandbox.csproj", "{8AB6B92A-0837-4BDE-B950-10BE3FF2B6A8}"
EndProject
Project("{9A19103F-16F7-4668-BE54-9A1E7A4F7556}") = "Tasty.Data", "Data\Tasty.Data\Tasty.Data.csproj", "{EA5549BE-6F83-46E4-9746-469C5695E716}"
EndProject
Project("{9A19103F-16F7-4668-BE54-9A1E7A4F7556}") = "Tasty.Data.Common", "Data\Tasty.Data.Common\Tasty.Data.Common.csproj", "{A77639C9-BA8A-44AF-B775-DCE35AE1D0AF}"
EndProject
Project("{9A19103F-16F7-4668-BE54-9A1E7A4F7556}") = "Tasty.Data.Models", "Data\Tasty.Data.Models\Tasty.Data.Models.csproj", "{F3A4919C-710C-44DB-B47E-5EBDB67C218B}"
EndProject
Project("{9A19103F-16F7-4668-BE54-9A1E7A4F7556}") = "Tasty", "Services\Tasty.Services\Tasty.csproj", "{0B07A93A-E0B7-4A96-A068-B37D02DE9B84}"
EndProject
Project("{9A19103F-16F7-4668-BE54-9A1E7A4F7556}") = "Tasty.Services.Data", "Services\Tasty.Services.Data\Tasty.Services.Data.csproj", "{AF8C4162-82BA-4C1A-81BC-B69B60061812}"
EndProject
Project("{9A19103F-16F7-4668-BE54-9A1E7A4F7556}") = "Tasty.Services.Mapping", "Services\Tasty.Services.Mapping\Tasty.Services.Mapping.csproj", "{403714B1-42F1-4B2B-838F-014690F49121}"
EndProject
Project("{9A19103F-16F7-4668-BE54-9A1E7A4F7556}") = "Tasty.Services.Messaging", "Services\Tasty.Services.Messaging\Tasty.Services.Messaging.csproj", "{1D9F11CA-544B-45AE-A415-023962B3DECC}"
EndProject
Project("{9A19103F-16F7-4668-BE54-9A1E7A4F7556}") = "Tasty.Services.Data.Tests", "Tests\Tasty.Services.Data.Tests\Tasty.Services.Data.Tests.csproj", "{5CA3A653-00EA-4623-92BD-C059DA6478F9}"
EndProject
Project("{9A19103F-16F7-4668-BE54-9A1E7A4F7556}") = "Tasty.Web.Tests", "Tests\Tasty.Web.Tests\Tasty.Web.Tests.csproj", "{0855591A-73E3-4420-B63F-EA644764567A}"
EndProject
Project("{9A19103F-16F7-4668-BE54-9A1E7A4F7556}") = "Tasty.Web", "Web\Tasty.Web\Tasty.Web.csproj", "{1CA9FAFC-64DD-4228-8855-0264B4030018}"
EndProject
Project("{9A19103F-16F7-4668-BE54-9A1E7A4F7556}") = "Tasty.Web.Infrastructure", "Web\Tasty.Web.Infrastructure\Tasty.Web.Infrastructure.csproj", "{2B35FF54-4B25-4E2E-B697-7895B565AA3A}"
EndProject
Project("{9A19103F-16F7-4668-BE54-9A1E7A4F7556}") = "Tasty.Web.ViewModels", "Web\Tasty.Web.ViewModels\Tasty.Web.ViewModels.csproj", "{FAC8F19E-8497-495D-8528-7FD21F9553D1}"
EndProject
Project("{9A19103F-16F7-4668-BE54-9A1E7A4F7556}") = "Tasty.Common", "Tasty.Common\Tasty.Common.csproj", "{C353C45B-396D-413E-8ED1-09D2FDEBC21D}"
EndProject
Global
	GlobalSection(SolutionConfigurationPlatforms) = preSolution
		Debug|Any CPU = Debug|Any CPU
		Release|Any CPU = Release|Any CPU
	EndGlobalSection
	GlobalSection(ProjectConfigurationPlatforms) = postSolution
		{8AB6B92A-0837-4BDE-B950-10BE3FF2B6A8}.Debug|Any CPU.ActiveCfg = Debug|Any CPU
		{8AB6B92A-0837-4BDE-B950-10BE3FF2B6A8}.Debug|Any CPU.Build.0 = Debug|Any CPU
		{8AB6B92A-0837-4BDE-B950-10BE3FF2B6A8}.Release|Any CPU.ActiveCfg = Release|Any CPU
		{8AB6B92A-0837-4BDE-B950-10BE3FF2B6A8}.Release|Any CPU.Build.0 = Release|Any CPU
		{EA5549BE-6F83-46E4-9746-469C5695E716}.Debug|Any CPU.ActiveCfg = Debug|Any CPU
		{EA5549BE-6F83-46E4-9746-469C5695E716}.Debug|Any CPU.Build.0 = Debug|Any CPU
		{EA5549BE-6F83-46E4-9746-469C5695E716}.Release|Any CPU.ActiveCfg = Release|Any CPU
		{EA5549BE-6F83-46E4-9746-469C5695E716}.Release|Any CPU.Build.0 = Release|Any CPU
		{A77639C9-BA8A-44AF-B775-DCE35AE1D0AF}.Debug|Any CPU.ActiveCfg = Debug|Any CPU
		{A77639C9-BA8A-44AF-B775-DCE35AE1D0AF}.Debug|Any CPU.Build.0 = Debug|Any CPU
		{A77639C9-BA8A-44AF-B775-DCE35AE1D0AF}.Release|Any CPU.ActiveCfg = Release|Any CPU
		{A77639C9-BA8A-44AF-B775-DCE35AE1D0AF}.Release|Any CPU.Build.0 = Release|Any CPU
		{F3A4919C-710C-44DB-B47E-5EBDB67C218B}.Debug|Any CPU.ActiveCfg = Debug|Any CPU
		{F3A4919C-710C-44DB-B47E-5EBDB67C218B}.Debug|Any CPU.Build.0 = Debug|Any CPU
		{F3A4919C-710C-44DB-B47E-5EBDB67C218B}.Release|Any CPU.ActiveCfg = Release|Any CPU
		{F3A4919C-710C-44DB-B47E-5EBDB67C218B}.Release|Any CPU.Build.0 = Release|Any CPU
		{0B07A93A-E0B7-4A96-A068-B37D02DE9B84}.Debug|Any CPU.ActiveCfg = Debug|Any CPU
		{0B07A93A-E0B7-4A96-A068-B37D02DE9B84}.Debug|Any CPU.Build.0 = Debug|Any CPU
		{0B07A93A-E0B7-4A96-A068-B37D02DE9B84}.Release|Any CPU.ActiveCfg = Release|Any CPU
		{0B07A93A-E0B7-4A96-A068-B37D02DE9B84}.Release|Any CPU.Build.0 = Release|Any CPU
		{AF8C4162-82BA-4C1A-81BC-B69B60061812}.Debug|Any CPU.ActiveCfg = Debug|Any CPU
		{AF8C4162-82BA-4C1A-81BC-B69B60061812}.Debug|Any CPU.Build.0 = Debug|Any CPU
		{AF8C4162-82BA-4C1A-81BC-B69B60061812}.Release|Any CPU.ActiveCfg = Release|Any CPU
		{AF8C4162-82BA-4C1A-81BC-B69B60061812}.Release|Any CPU.Build.0 = Release|Any CPU
		{403714B1-42F1-4B2B-838F-014690F49121}.Debug|Any CPU.ActiveCfg = Debug|Any CPU
		{403714B1-42F1-4B2B-838F-014690F49121}.Debug|Any CPU.Build.0 = Debug|Any CPU
		{403714B1-42F1-4B2B-838F-014690F49121}.Release|Any CPU.ActiveCfg = Release|Any CPU
		{403714B1-42F1-4B2B-838F-014690F49121}.Release|Any CPU.Build.0 = Release|Any CPU
		{1D9F11CA-544B-45AE-A415-023962B3DECC}.Debug|Any CPU.ActiveCfg = Debug|Any CPU
		{1D9F11CA-544B-45AE-A415-023962B3DECC}.Debug|Any CPU.Build.0 = Debug|Any CPU
		{1D9F11CA-544B-45AE-A415-023962B3DECC}.Release|Any CPU.ActiveCfg = Release|Any CPU
		{1D9F11CA-544B-45AE-A415-023962B3DECC}.Release|Any CPU.Build.0 = Release|Any CPU
		{5CA3A653-00EA-4623-92BD-C059DA6478F9}.Debug|Any CPU.ActiveCfg = Debug|Any CPU
		{5CA3A653-00EA-4623-92BD-C059DA6478F9}.Debug|Any CPU.Build.0 = Debug|Any CPU
		{5CA3A653-00EA-4623-92BD-C059DA6478F9}.Release|Any CPU.ActiveCfg = Release|Any CPU
		{5CA3A653-00EA-4623-92BD-C059DA6478F9}.Release|Any CPU.Build.0 = Release|Any CPU
		{0855591A-73E3-4420-B63F-EA644764567A}.Debug|Any CPU.ActiveCfg = Debug|Any CPU
		{0855591A-73E3-4420-B63F-EA644764567A}.Debug|Any CPU.Build.0 = Debug|Any CPU
		{0855591A-73E3-4420-B63F-EA644764567A}.Release|Any CPU.ActiveCfg = Release|Any CPU
		{0855591A-73E3-4420-B63F-EA644764567A}.Release|Any CPU.Build.0 = Release|Any CPU
		{1CA9FAFC-64DD-4228-8855-0264B4030018}.Debug|Any CPU.ActiveCfg = Debug|Any CPU
		{1CA9FAFC-64DD-4228-8855-0264B4030018}.Debug|Any CPU.Build.0 = Debug|Any CPU
		{1CA9FAFC-64DD-4228-8855-0264B4030018}.Release|Any CPU.ActiveCfg = Release|Any CPU
		{1CA9FAFC-64DD-4228-8855-0264B4030018}.Release|Any CPU.Build.0 = Release|Any CPU
		{2B35FF54-4B25-4E2E-B697-7895B565AA3A}.Debug|Any CPU.ActiveCfg = Debug|Any CPU
		{2B35FF54-4B25-4E2E-B697-7895B565AA3A}.Debug|Any CPU.Build.0 = Debug|Any CPU
		{2B35FF54-4B25-4E2E-B697-7895B565AA3A}.Release|Any CPU.ActiveCfg = Release|Any CPU
		{2B35FF54-4B25-4E2E-B697-7895B565AA3A}.Release|Any CPU.Build.0 = Release|Any CPU
		{FAC8F19E-8497-495D-8528-7FD21F9553D1}.Debug|Any CPU.ActiveCfg = Debug|Any CPU
		{FAC8F19E-8497-495D-8528-7FD21F9553D1}.Debug|Any CPU.Build.0 = Debug|Any CPU
		{FAC8F19E-8497-495D-8528-7FD21F9553D1}.Release|Any CPU.ActiveCfg = Release|Any CPU
		{FAC8F19E-8497-495D-8528-7FD21F9553D1}.Release|Any CPU.Build.0 = Release|Any CPU
		{C353C45B-396D-413E-8ED1-09D2FDEBC21D}.Debug|Any CPU.ActiveCfg = Debug|Any CPU
		{C353C45B-396D-413E-8ED1-09D2FDEBC21D}.Debug|Any CPU.Build.0 = Debug|Any CPU
		{C353C45B-396D-413E-8ED1-09D2FDEBC21D}.Release|Any CPU.ActiveCfg = Release|Any CPU
		{C353C45B-396D-413E-8ED1-09D2FDEBC21D}.Release|Any CPU.Build.0 = Release|Any CPU
	EndGlobalSection
	GlobalSection(SolutionProperties) = preSolution
		HideSolutionNode = FALSE
	EndGlobalSection
	GlobalSection(NestedProjects) = preSolution
		{8AB6B92A-0837-4BDE-B950-10BE3FF2B6A8} = {7A731632-6714-44E2-A9E4-069EBA9E666C}
		{EA5549BE-6F83-46E4-9746-469C5695E716} = {ACBE44C4-E198-45E2-BA02-6655250A0006}
		{A77639C9-BA8A-44AF-B775-DCE35AE1D0AF} = {ACBE44C4-E198-45E2-BA02-6655250A0006}
		{F3A4919C-710C-44DB-B47E-5EBDB67C218B} = {ACBE44C4-E198-45E2-BA02-6655250A0006}
		{0B07A93A-E0B7-4A96-A068-B37D02DE9B84} = {516E002B-9E6E-4456-B7F6-EAA353966DE6}
		{AF8C4162-82BA-4C1A-81BC-B69B60061812} = {516E002B-9E6E-4456-B7F6-EAA353966DE6}
		{403714B1-42F1-4B2B-838F-014690F49121} = {516E002B-9E6E-4456-B7F6-EAA353966DE6}
		{1D9F11CA-544B-45AE-A415-023962B3DECC} = {516E002B-9E6E-4456-B7F6-EAA353966DE6}
		{5CA3A653-00EA-4623-92BD-C059DA6478F9} = {7A731632-6714-44E2-A9E4-069EBA9E666C}
		{0855591A-73E3-4420-B63F-EA644764567A} = {7A731632-6714-44E2-A9E4-069EBA9E666C}
		{1CA9FAFC-64DD-4228-8855-0264B4030018} = {E389DEB6-5F90-444B-A054-12A10D39C76F}
		{2B35FF54-4B25-4E2E-B697-7895B565AA3A} = {E389DEB6-5F90-444B-A054-12A10D39C76F}
		{FAC8F19E-8497-495D-8528-7FD21F9553D1} = {E389DEB6-5F90-444B-A054-12A10D39C76F}
	EndGlobalSection
	GlobalSection(ExtensibilityGlobals) = postSolution
		SolutionGuid = {384484BE-4680-4529-9CC2-AD37BA4D12D1}
	EndGlobalSection
EndGlobal
